
Microsoft Visual Studio Solution File, Format Version 12.00
# Visual Studio 15
VisualStudioVersion = 15.0.26730.15
MinimumVisualStudioVersion = 10.0.40219.1
Project("{FAE04EC0-301F-11D3-BF4B-00C04F79EFBC}") = "ConsoleApplicationLibrary", "ConsoleApplicationLibrary\ConsoleApplicationLibrary.csproj", "{7D262B25-CA73-4844-B18D-7E595139FAE8}"
EndProject
Global
	GlobalSection(SolutionConfigurationPlatforms) = preSolution
		Debug|Any CPU = Debug|Any CPU
		Release|Any CPU = Release|Any CPU
	EndGlobalSection
	GlobalSection(ProjectConfigurationPlatforms) = postSolution
		{7D262B25-CA73-4844-B18D-7E595139FAE8}.Debug|Any CPU.ActiveCfg = Debug|Any CPU
		{7D262B25-CA73-4844-B18D-7E595139FAE8}.Debug|Any CPU.Build.0 = Debug|Any CPU
		{7D262B25-CA73-4844-B18D-7E595139FAE8}.Release|Any CPU.ActiveCfg = Release|Any CPU
		{7D262B25-CA73-4844-B18D-7E595139FAE8}.Release|Any CPU.Build.0 = Release|Any CPU
	EndGlobalSection
	GlobalSection(SolutionProperties) = preSolution
		HideSolutionNode = FALSE
	EndGlobalSection
	GlobalSection(ExtensibilityGlobals) = postSolution
		SolutionGuid = {9C3B15B2-F15A-4F46-85AB-669C55887614}
	EndGlobalSection
EndGlobal
